
Microsoft Visual Studio Solution File, Format Version 12.00
# Visual Studio Version 17
VisualStudioVersion = 17.14.36310.24 d17.14
MinimumVisualStudioVersion = 10.0.40219.1
Project("{FAE04EC0-301F-11D3-BF4B-00C04F79EFBC}") = "ont-design", "ont-design\ont-design.csproj", "{809D823F-BD9C-409D-991A-0629EB2BB5EA}"
EndProject
Global
	GlobalSection(SolutionConfigurationPlatforms) = preSolution
		Debug|Any CPU = Debug|Any CPU
		Release|Any CPU = Release|Any CPU
	EndGlobalSection
	GlobalSection(ProjectConfigurationPlatforms) = postSolution
		{809D823F-BD9C-409D-991A-0629EB2BB5EA}.Debug|Any CPU.ActiveCfg = Debug|Any CPU
		{809D823F-BD9C-409D-991A-0629EB2BB5EA}.Debug|Any CPU.Build.0 = Debug|Any CPU
		{809D823F-BD9C-409D-991A-0629EB2BB5EA}.Release|Any CPU.ActiveCfg = Release|Any CPU
		{809D823F-BD9C-409D-991A-0629EB2BB5EA}.Release|Any CPU.Build.0 = Release|Any CPU
	EndGlobalSection
	GlobalSection(SolutionProperties) = preSolution
		HideSolutionNode = FALSE
	EndGlobalSection
	GlobalSection(ExtensibilityGlobals) = postSolution
		SolutionGuid = {FACE830F-63F6-479D-876E-923A67D45A0B}
	EndGlobalSection
EndGlobal
